github.com/BurntSushi/toml v0.3.1 h1:WXkYYl6Yr3qBf1K79EBnL4mak0OimBfB0XUf9Vl28OQ=
github.com/BurntSushi/toml v0.3.1/go.mod h1:xHWCNGjB5oqiDr8zfno3MHue2Ht5sIBksp03qcyfWMU=
github.com/Monibuca/engine/v2 v2.0.0/go.mod h1:34EYjjV15G6myuHOKaJkO7y5tJ1Arq/NfC9Weacr2mc=
github.com/Monibuca/engine/v2 v2.1.9/go.mod h1:34EYjjV15G6myuHOKaJkO7y5tJ1Arq/NfC9Weacr2mc=
github.com/Monibuca/engine/v2 v2.2.0/go.mod h1:34EYjjV15G6myuHOKaJkO7y5tJ1Arq/NfC9Weacr2mc=
github.com/Monibuca/engine/v2 v2.2.2/go.mod h1:34EYjjV15G6myuHOKaJkO7y5tJ1Arq/NfC9Weacr2mc=
github.com/Monibuca/engine/v2 v2.2.5 h1:/w0BrvdTy4cqLD2uaIRaqBwdnu+/VDk+r3sjFbpbc1E=
github.com/Monibuca/engine/v2 v2.2.5/go.mod h1:34EYjjV15G6myuHOKaJkO7y5tJ1Arq/NfC9Weacr2mc=
github.com/Monibuca/plugin-gateway v1.2.6 h1:ZHwHMmjBs3Itxxd/Z/OR7c5QdED1sqSmBJ/6U+Y/Hc0=
github.com/Monibuca/plugin-gateway v1.2.6/go.mod h1:l+BaE5QZY0Pr92iiIXS67gt2VxcBuOxYyqIGOEGbuFk=
github.com/Monibuca/plugin-hdl v1.2.5 h1:zIo4ptkIzn/L1KhutsZ2Bk17OoyRbundXG+8c1ki6cQ=
github.com/Monibuca/plugin-hdl v1.2.5/go.mod h1:+Qm9B5tQfxQdZ1hJQZbW4BZLOQWbPwN9qkB0vPGFo1U=
github.com/Monibuca/plugin-hls v1.2.1 h1:vD8LFB1t87fKuEycuQYa1nayCcEkRpIo0xosDJX3yGM=
github.com/Monibuca/plugin-hls v1.2.1/go.mod h1:8mIEvD09qDxp2Lso7fOQnfNFcxPcMxa6P9dGBbUOZD0=
github.com/Monibuca/plugin-jessica v1.3.0 h1:VPLPl76ykEHvrtQMy4+UZQBJd2gjYfWQbrg47qnOIT0=
github.com/Monibuca/plugin-jessica v1.3.0/go.mod h1:9TOsOzeVNbTCbgZ6xMANNMA0h5O/GxdlCLhavo6yVHM=
github.com/Monibuca/plugin-logrotate v1.2.3 h1:Q3V4VrN8fVUQnN+RIP+wn/+ZrZ/cu8xM5rTeIg74QVM=
github.com/Monibuca/plugin-logrotate v1.2.3/go.mod h1:bo2zR3H2CuyN2+dbsnZ6IvM+NT87r9H2RptVyyxkvTY=
github.com/Monibuca/plugin-record v1.0.4 h1:dPXJKlkljyhNUrpVP3586QO1L2DFvvl8m+ZXmQlEul8=
github.com/Monibuca/plugin-record v1.0.4/go.mod h1:POh+M09c+U1YAt6ratoKXahjt8GopEL0k6M8DUXbmAc=
github.com/Monibuca/plugin-rtmp v1.2.5 h1:y9tQ7ayg8y3PE8jpBmb3/EHNgBL5cppptKvulFdvkzE=
github.com/Monibuca/plugin-rtmp v1.2.5/go.mod h1:RSbufAndiyYfeLz4OiZwcGS/UTHCyTDtqvHzvzRQtWE=
github.com/Monibuca/plugin-rtp v1.0.0 h1:yksNsIIGxoKX8UZirkAUK+mGZ/XoEeS2vqbIqtqXyCg=
github.com/Monibuca/plugin-rtp v1.0.0/go.mod h1:0xkNm23a/BjVnEMz1zXyOqfEjoVmGe3PJqPNF1KyFGc=
github.com/Monibuca/plugin-rtsp v1.3.1 h1:b7xtRIBVcoa6WDseErVDzt+8dZGaUwhDLHxGuutROag=
github.com/Monibuca/plugin-rtsp v1.3.1/go.mod h1:N5nEu2SZTf4NMJn7DLlw39wQ4kXZAuMrfbbNtYES894=
github.com/Monibuca/plugin-ts v1.2.1 h1:Y2QgEal9/ot43QEvtzRkmA8yk+N2uzieAzKuujZJFMs=
github.com/Monibuca/plugin-ts v1.2.1/go.mod h1:MZsdv34Od1Kh1WOkuqIAO/t2irjzW39RMO9WbpFks4g=
github.com/Monibuca/plugin-webrtc v1.2.2 h1:XTc3kUyzpoxXC0L9qVUhrhGFBy9YagdRzJb6lDU9HTc=
github.com/Monibuca/plugin-webrtc v1.2.2/go.mod h1:ZPcGimoI8Yl/IzQJhSp4jgVOpmMeqPDcN7H8xv1Xj9g=
github.com/StackExchange/wmi v0.0.0-20190523213315-cbe66965904d h1:G0m3OIz70MZUWq3EgK3CesDbo8upS2Vm9/P3FtgI+Jk=
github.com/StackExchange/wmi v0.0.0-20190523213315-cbe66965904d/go.mod h1:3eOhrUMpNV+6aFIbp5/iudMxNCF27Vw2OZgy4xEx0Fg=
github.com/cheekybits/genny v1.0.0/go.mod h1:+tQajlRqAUrPI7DOSpB0XAqZYtQakVtB7wXkRAgjxjQ=
github.com/davecgh/go-spew v1.1.0 h1:ZDRjVQ15GmhC3fiQ8ni8+OwkZQO4DARzQgrnXU1Liz8=
github.com/davecgh/go-spew v1.1.0/go.mod h1:J7Y8YcW2NihsgmVo/mv3lAwl/skON4iLHjSsI+c5H38=
github.com/davecgh/go-spew v1.1.1/go.mod h1:J7Y8YcW2NihsgmVo/mv3lAwl/skON4iLHjSsI+c5H38=
github.com/fsnotify/fsnotify v1.4.7/go.mod h1:jwhsz4b93w/PPRr/qN1Yymfu8t87LnFCMoQvtojpjFo=
github.com/funny/slab v0.0.0-20180511031532-b1fad5e5d478 h1:Db9StoJ6RZN3YttC0Pm0I4Y5izITRYch3RMbT59BYN0=
github.com/funny/slab v0.0.0-20180511031532-b1fad5e5d478/go.mod h1:0j1+svBH8ABEIPdUP0AIg4qedsybnXGJBakCEw8cfoo=
github.com/funny/utest v0.0.0-20161029064919-43870a374500 h1:Z0r1CZnoIWFB/Uiwh1BU5FYmuFe6L5NPi6XWQEmsTRg=
github.com/funny/utest v0.0.0-20161029064919-43870a374500/go.mod h1:mUn39tBov9jKnTWV1RlOYoNzxdBFHiSzXWdY1FoNGGg=
github.com/go-ole/go-ole v1.2.4 h1:nNBDSCOigTSiarFpYE9J/KtEA1IOW4CNeqT9TQDqCxI=
github.com/go-ole/go-ole v1.2.4/go.mod h1:XCwSNxSkXRo4vlyPy93sltvi/qJq0jqQhjqQNIwKuxM=
github.com/gobwas/httphead v0.0.0-20180130184737-2c6c146eadee h1:s+21KNqlpePfkah2I+gwHF8xmJWRjooY+5248k6m4A0=
github.com/gobwas/httphead v0.0.0-20180130184737-2c6c146eadee/go.mod h1:L0fX3K22YWvt/FAX9NnzrNzcI4wNYi9Yku4O0LKYflo=
github.com/gobwas/pool v0.2.0 h1:QEmUOlnSjWtnpRGHF3SauEiOsy82Cup83Vf2LcMlnc8=
github.com/gobwas/pool v0.2.0/go.mod h1:q8bcK0KcYlCgd9e7WYLm9LpyS+YeLd8JVDW6WezmKEw=
github.com/gobwas/ws v1.0.2 h1:CoAavW/wd/kulfZmSIBt6p24n4j7tHgNVCjsfHVNUbo=
github.com/gobwas/ws v1.0.2/go.mod h1:szmBTxLgaFppYjEmNtny/v3w89xOydFnnZMcgRRu/EM=
github.com/golang/mock v1.2.0/go.mod h1:oTYuIxOrZwtPieC+H1uAHpcLFnEyAGVDL/k47Jfbm0A=
github.com/golang/protobuf v1.2.0/go.mod h1:6lQm79b+lXiMfvg/cZm0SGofjICqVBUtrP5yJMmIC1U=
github.com/hpcloud/tail v1.0.0/go.mod h1:ab1qPbhIpdTxEkNHXyeSf5vhxWSCs/tWer42PpOxQnU=
github.com/kr/pretty v0.1.0/go.mod h1:dAy3ld7l9f0ibDNOQOHHMYYIIbhfbHSm3C4ZsoJORNo=
github.com/kr/pty v1.1.1/go.mod h1:pFQYn66WHrOpPYNljwOMqo10TkYh1fy3cYio2l3bCsQ=
github.com/kr/text v0.1.0/go.mod h1:4Jbv+DJW3UT/LiOwJeYQe1efqtUx/iVham/4vfdArNI=
github.com/logrusorgru/aurora v0.0.0-20200102142835-e9ef32dff381/go.mod h1:7rIyQOR62GCctdiQpZ/zOJlFyk6y+94wXzv6RNZgaR4=
github.com/logrusorgru/aurora v2.0.3+incompatible h1:tOpm7WcpBTn4fjmVfgpQq0EfczGlG91VSDkswnjF5A8=
github.com/logrusorgru/aurora v2.0.3+incompatible/go.mod h1:7rIyQOR62GCctdiQpZ/zOJlFyk6y+94wXzv6RNZgaR4=
github.com/lucas-clemente/quic-go v0.7.1-0.20190401152353-907071221cf9/go.mod h1:PpMmPfPKO9nKJ/psF49ESTAGQSdfXxlg1otPbEB2nOw=
github.com/marten-seemann/qtls v0.2.3/go.mod h1:xzjG7avBwGGbdZ8dTGxlBnLArsVKLvwmjgmPuiQEcYk=
github.com/mask-pp/rtp-ps v1.0.0 h1:JFxuJL9N+gD1ldgJlAy3b7rYfY8wAVHi9ODNmdP4+EE=
github.com/mask-pp/rtp-ps v1.0.0/go.mod h1:jCxsZ2G7z/jX+aqFypEWMePnhNrfnUiXUEKm6Xp0vgU=
github.com/mattn/go-colorable v0.1.6 h1:6Su7aK7lXmJ/U79bYtBjLNaha4Fs1Rg9plHpcH+vvnE=
github.com/mattn/go-colorable v0.1.6/go.mod h1:u6P/XSegPjTcexA+o6vUJrdnUu04hMope9wVRipJSqc=
github.com/mattn/go-colorable v0.1.7 h1:bQGKb3vps/j0E9GfJQ03JyhRuxsvdAanXlT9BTw3mdw=
github.com/mattn/go-colorable v0.1.7/go.mod h1:u6P/XSegPjTcexA+o6vUJrdnUu04hMope9wVRipJSqc=
github.com/mattn/go-isatty v0.0.12 h1:wuysRhFDzyxgEmMf5xjvJ2M9dZoWAXNNr5LSBS7uHXY=
github.com/mattn/go-isatty v0.0.12/go.mod h1:cbi8OIDigv2wuxKPP5vlRcQ1OAZbq2CE4Kysco4FUpU=
github.com/onsi/ginkgo v1.6.0/go.mod h1:lLunBs/Ym6LB5Z9jYTR76FiuTmxDTDusOGeTQH+WWjE=
github.com/onsi/ginkgo v1.7.0/go.mod h1:lLunBs/Ym6LB5Z9jYTR76FiuTmxDTDusOGeTQH+WWjE=
github.com/onsi/gomega v1.4.3/go.mod h1:ex+gbHU/CVuBBDIJjb2X0qEXbFg53c61hWP/1CpauHY=
github.com/pion/datachannel v1.4.17 h1:8CChK5VrJoGrwKCysoTscoWvshCAFpUkgY11Tqgz5hE=
github.com/pion/datachannel v1.4.17/go.mod h1:+vPQfypU9vSsyPXogYj1hBThWQ6MNXEQoQAzxoPvjYM=
github.com/pion/dtls/v2 v2.0.0 h1:Fk+MBhLZ/U1bImzAhmzwbO/pP2rKhtTw8iA934H3ybE=
github.com/pion/dtls/v2 v2.0.0/go.mod h1:VkY5VL2wtsQQOG60xQ4lkV5pdn0wwBBTzCfRJqXhp3A=
github.com/pion/ice v0.7.15 h1:s1In+gnuyVq7WKWGVQL+1p+OcrMsbfL+VfSe2isH8Ag=
github.com/pion/ice v0.7.15/go.mod h1:Z6zybEQgky5mZkKcLfmvc266JukK2srz3VZBBD1iXBw=
github.com/pion/logging v0.2.2 h1:M9+AIj/+pxNsDfAT64+MAVgJO0rsyLnoJKCqf//DoeY=
github.com/pion/logging v0.2.2/go.mod h1:k0/tDVsRCX2Mb2ZEmTqNa7CWsQPc+YYCB7Q+5pahoms=
github.com/pion/mdns v0.0.4 h1:O4vvVqr4DGX63vzmO6Fw9vpy3lfztVWHGCQfyw0ZLSY=
github.com/pion/mdns v0.0.4/go.mod h1:R1sL0p50l42S5lJs91oNdUL58nm0QHrhxnSegr++qC0=
github.com/pion/quic v0.1.1/go.mod h1:zEU51v7ru8Mp4AUBJvj6psrSth5eEFNnVQK5K48oV3k=
github.com/pion/randutil v0.0.0 h1:aLWLVhTG2jzoD25F0OlW6nXvXrjoGwiXq2Sz7j7NzL0=
github.com/pion/randutil v0.0.0/go.mod h1:XcJrSMMbbMRhASFVOlj/5hQial/Y8oH/HVo7TBZq+j8=
github.com/pion/rtcp v1.2.1 h1:S3yG4KpYAiSmBVqKAfgRa5JdwBNj4zK3RLUa8JYdhak=
github.com/pion/rtcp v1.2.1/go.mod h1:a5dj2d6BKIKHl43EnAOIrCczcjESrtPuMgfmL6/K6QM=
github.com/pion/rtp v1.5.4 h1:PuNg6xqV3brIUihatcKZj1YDUs+M45L0ZbrZWYtkDxY=
github.com/pion/rtp v1.5.4/go.mod h1:bg60AL5GotNOlYZsqycbhDtEV3TkfbpXG0KBiUq29Mg=
github.com/pion/rtp v1.6.0 h1:4Ssnl/T5W2LzxHj9ssYpGVEQh3YYhQFNVmSWO88MMwk=
github.com/pion/rtp v1.6.0/go.mod h1:QgfogHsMBVE/RFNno467U/KBqfUywEH+HK+0rtnwsdI=
github.com/pion/sctp v1.7.6 h1:8qZTdJtbKfAns/Hv5L0PAj8FyXcsKhMH1pKUCGisQg4=
github.com/pion/sctp v1.7.6/go.mod h1:ichkYQ5tlgCQwEwvgfdcAolqx1nHbYCxo4D7zK/K0X8=
github.com/pion/sdp/v2 v2.3.7 h1:WUZHI3pfiYCaE8UGUYcabk863LCK+Bq3AklV5O0oInQ=
github.com/pion/sdp/v2 v2.3.7/go.mod h1:+ZZf35r1+zbaWYiZLfPutWfx58DAWcGb2QsS3D/s9M8=
github.com/pion/srtp v1.3.3 h1:8bjs9YaSNvSrbH0OfKxzPX+PTrCyAC2LoT9Qesugi+U=
github.com/pion/srtp v1.3.3/go.mod h1:jNe0jmIOqksuurR9S/7yoKDalfPeluUFrNPCBqI4FOI=
github.com/pion/stun v0.3.3/go.mod h1:xrCld6XM+6GWDZdvjPlLMsTU21rNxnO6UO8XsAvHr/M=
github.com/pion/stun v0.3.5 h1:uLUCBCkQby4S1cf6CGuR9QrVOKcvUwFeemaC865QHDg=
github.com/pion/stun v0.3.5/go.mod h1:gDMim+47EeEtfWogA37n6qXZS88L5V6LqFcf+DZA2UA=
github.com/pion/transport v0.6.0/go.mod h1:iWZ07doqOosSLMhZ+FXUTq+TamDoXSllxpbGcfkCmbE=
github.com/pion/transport v0.8.10/go.mod h1:tBmha/UCjpum5hqTWhfAEs3CO4/tHSg0MYRhSzR+CZ8=
github.com/pion/transport v0.10.0/go.mod h1:BnHnUipd0rZQyTVB2SBGojFHT9CBt5C5TcsJSQGkvSE=
github.com/pion/transport v0.10.1 h1:2W+yJT+0mOQ160ThZYUx5Zp2skzshiNgxrNE9GUfhJM=
github.com/pion/transport v0.10.1/go.mod h1:PBis1stIILMiis0PewDw91WJeLJkyIMcEk+DwKOzf4A=
github.com/pion/turn/v2 v2.0.3/go.mod h1:kl1hmT3NxcLynpXVnwJgObL8C9NaCyPTeqI2DcCpSZs=
github.com/pion/turn/v2 v2.0.4 h1:oDguhEv2L/4rxwbL9clGLgtzQPjtuZwCdoM7Te8vQVk=
github.com/pion/turn/v2 v2.0.4/go.mod h1:1812p4DcGVbYVBTiraUmP50XoKye++AMkbfp+N27mog=
github.com/pion/webrtc/v2 v2.2.14 h1:bRjnXTqMDJ3VERPF45z439Sv6QfDfjdYvdQk1QcIx8M=
github.com/pion/webrtc/v2 v2.2.14/go.mod h1:G+8lShCMbHhjpMF1ZJBkyuvrxXrvW4bxs3nOt+mJ2UI=
github.com/pkg/errors v0.8.1/go.mod h1:bwawxfHBFNV+L2hUp1rHADufV3IMtnDRdf1r5NINEl0=
github.com/pkg/errors v0.9.1 h1:FEBLx1zS214owpjy7qsBeixbURkuhQAwrK5UwLGTwt4=
github.com/pkg/errors v0.9.1/go.mod h1:bwawxfHBFNV+L2hUp1rHADufV3IMtnDRdf1r5NINEl0=
github.com/pmezard/go-difflib v1.0.0 h1:4DBwDE0NGyQoBHbLQYPwSUPoCMWR5BEzIk/f1lZbAQM=
github.com/pmezard/go-difflib v1.0.0/go.mod h1:iKH77koFhYxTK1pcRnkKkqfTogsbg7gZNVY4sRDYZ/4=
github.com/quangngotan95/go-m3u8 v0.1.0 h1:8oseBjJn5IKHQKdRZwSNskkua3NLrRtlvXXtoVgBzMk=
github.com/quangngotan95/go-m3u8 v0.1.0/go.mod h1:smzfWHlYpBATVNu1GapKLYiCtEo5JxridIgvvudZ+Wc=
github.com/sclevine/agouti v3.0.0+incompatible/go.mod h1:b4WX9W9L1sfQKXeJf1mUTLZKJ48R1S7H23Ji7oFO5Bw=
github.com/shirou/gopsutil v2.20.1+incompatible h1:oIq9Cq4i84Hk8uQAUOG3eNdI/29hBawGrD5YRl6JRDY=
github.com/shirou/gopsutil v2.20.1+incompatible/go.mod h1:5b4v6he4MtMOwMlS0TUMTu2PcXUg8+E1lC7eC3UO/RA=
github.com/shirou/gopsutil v2.20.7+incompatible/go.mod h1:5b4v6he4MtMOwMlS0TUMTu2PcXUg8+E1lC7eC3UO/RA=
github.com/shirou/gopsutil v2.20.8+incompatible h1:8c7Atn0FAUZJo+f4wYbN0iVpdWniCQk7IYwGtgdh1mY=
github.com/shirou/gopsutil v2.20.8+incompatible/go.mod h1:5b4v6he4MtMOwMlS0TUMTu2PcXUg8+E1lC7eC3UO/RA=
github.com/stretchr/objx v0.1.0/go.mod h1:HFkY916IF+rwdDfMAkV7OtwuqBVzrE8GR6GFx+wExME=
github.com/stretchr/testify v1.3.0/go.mod h1:M5WIy9Dh21IEIfnGCwXGc5bZfKNJtfHm1UVUgZn+9EI=
github.com/stretchr/testify v1.4.0/go.mod h1:j7eGeouHqKxXV5pUuKE4zz7dFj8WfuZ+81PSLYec5m4=
github.com/stretchr/testify v1.5.1 h1:nOGnQDM7FYENwehXlg/kFVnos3rEvtKTjRvOWSzb6H4=
github.com/stretchr/testify v1.5.1/go.mod h1:5W2xD1RspED5o8YsWQXVCued0rvSQ+mT+I5cxcmMvtA=
github.com/stretchr/testify v1.6.1/go.mod h1:6Fq8oRcR53rry900zMqJjRRixrwX3KX962/h/Wwjteg=
github.com/teris-io/shortid v0.0.0-20171029131806-771a37caa5cf h1:Z2X3Os7oRzpdJ75iPqWZc0HeJWFYNCvKsfpQwFpRNTA=
github.com/teris-io/shortid v0.0.0-20171029131806-771a37caa5cf/go.mod h1:M8agBzgqHIhgj7wEn9/0hJUZcrvt9VY+Ln+S1I5Mha0=
github.com/zhangpeihao/goamf v0.0.0-20140409082417-3ff2c19514a8 h1:r1JUI0wuHlgRb8jNd3zPBBkjUdrjpVKr8SdJWc8ntg8=
github.com/zhangpeihao/goamf v0.0.0-20140409082417-3ff2c19514a8/go.mod h1:RZd/IqzNpFANwOB9rVmsnAYpo/6KesK4PqrN1a5cRgg=
golang.org/x/crypto v0.0.0-20190228161510-8dd112bcdc25/go.mod h1:djNgcEr1/C05ACkg1iLfiJU5Ep61QUkGW8qpdssI0+w=
golang.org/x/crypto v0.0.0-20190308221718-c2843e01d9a2/go.mod h1:djNgcEr1/C05ACkg1iLfiJU5Ep61QUkGW8qpdssI0+w=
golang.org/x/crypto v0.0.0-20200323165209-0ec3e9974c59/go.mod h1:LzIPMQfyMNhhGPhUkYOs5KpL4U8rLKemX1yGLhDgUto=
golang.org/x/crypto v0.0.0-20200622213623-75b288015ac9 h1:psW17arqaxU48Z5kZ0CQnkZWQJsqcURM6tKiBApRjXI=
golang.org/x/crypto v0.0.0-20200622213623-75b288015ac9/go.mod h1:LzIPMQfyMNhhGPhUkYOs5KpL4U8rLKemX1yGLhDgUto=
golang.org/x/net v0.0.0-20180906233101-161cd47e91fd/go.mod h1:mL1N/T3taQHkDXs73rZJwtUhF3w3ftmwwsq0BUmARs4=
golang.org/x/net v0.0.0-20190404232315-eb5bcb51f2a3/go.mod h1:t9HGtf8HONx5eT2rtn7q6eTqICYqUVnKs3thJo3Qplg=
golang.org/x/net v0.0.0-20191126235420-ef20fe5d7933/go.mod h1:z5CRVTTTmAJ677TzLLGU+0bjPO0LkuOLi4/5GtJWs/s=
golang.org/x/net v0.0.0-20200226121028-0de0cce0169b/go.mod h1:z5CRVTTTmAJ677TzLLGU+0bjPO0LkuOLi4/5GtJWs/s=
golang.org/x/net v0.0.0-20200324143707-d3edc9973b7e/go.mod h1:qpuaurCH72eLCgpAm/N6yyVIVM9cpaDIP3A8BGJEC5A=
golang.org/x/net v0.0.0-20200425230154-ff2c4b7c35a0/go.mod h1:qpuaurCH72eLCgpAm/N6yyVIVM9cpaDIP3A8BGJEC5A=
golang.org/x/net v0.0.0-20200501053045-e0ff5e5a1de5/go.mod h1:qpuaurCH72eLCgpAm/N6yyVIVM9cpaDIP3A8BGJEC5A=
golang.org/x/net v0.0.0-20200625001655-4c5254603344/go.mod h1:/O7V0waA8r7cgGh81Ro3o1hOxt32SMVPicZroKQ2sZA=
golang.org/x/net v0.0.0-20201029221708-28c70e62bb1d h1:dOiJ2n2cMwGLce/74I/QHMbnpk5GfY7InR8rczoMqRM=
golang.org/x/net v0.0.0-20201029221708-28c70e62bb1d/go.mod h1:sp8m0HH+o8qH0wwXwYZr8TS3Oi6o0r6Gce1SSxlDquU=
golang.org/x/sync v0.0.0-20180314180146-1d60e4601c6f/go.mod h1:RxMgew5VJxzue5/jJTE5uejpjVlOe/izrB70Jof72aM=
golang.org/x/sync v0.0.0-20201020160332-67f06af15bc9 h1:SQFwaSi55rU7vdNs9Yr0Z324VNlrF+0wMqRXT4St8ck=
golang.org/x/sync v0.0.0-20201020160332-67f06af15bc9/go.mod h1:RxMgew5VJxzue5/jJTE5uejpjVlOe/izrB70Jof72aM=
golang.org/x/sys v0.0.0-20180909124046-d0be0721c37e/go.mod h1:STP8DvDyc/dI5b8T5hshtkjS+E42TnysNCUPdjciGhY=
golang.org/x/sys v0.0.0-20190215142949-d0b11bdaac8a/go.mod h1:STP8DvDyc/dI5b8T5hshtkjS+E42TnysNCUPdjciGhY=
golang.org/x/sys v0.0.0-20190228124157-a34e9553db1e/go.mod h1:STP8DvDyc/dI5b8T5hshtkjS+E42TnysNCUPdjciGhY=
golang.org/x/sys v0.0.0-20190412213103-97732733099d/go.mod h1:h1NjWce9XRLGQEsW7wpKNCjG9DtNlClVuFLEZdDNbEs=
golang.org/x/sys v0.0.0-20200116001909-b77594299b42/go.mod h1:h1NjWce9XRLGQEsW7wpKNCjG9DtNlClVuFLEZdDNbEs=
golang.org/x/sys v0.0.0-20200223170610-d5e6a3e2c0ae h1:/WDfKMnPU+m5M4xB+6x4kaepxRw6jWvR5iDRdvjHgy8=
golang.org/x/sys v0.0.0-20200223170610-d5e6a3e2c0ae/go.mod h1:h1NjWce9XRLGQEsW7wpKNCjG9DtNlClVuFLEZdDNbEs=
golang.org/x/sys v0.0.0-20200323222414-85ca7c5b95cd/go.mod h1:h1NjWce9XRLGQEsW7wpKNCjG9DtNlClVuFLEZdDNbEs=
golang.org/x/sys v0.0.0-20200828161417-c663848e9a16/go.mod h1:h1NjWce9XRLGQEsW7wpKNCjG9DtNlClVuFLEZdDNbEs=
golang.org/x/sys v0.0.0-20200831180312-196b9ba8737a/go.mod h1:h1NjWce9XRLGQEsW7wpKNCjG9DtNlClVuFLEZdDNbEs=
golang.org/x/sys v0.0.0-20200930185726-fdedc70b468f h1:+Nyd8tzPX9R7BWHguqsrbFdRx3WQ/1ib8I44HXV5yTA=
golang.org/x/sys v0.0.0-20200930185726-fdedc70b468f/go.mod h1:h1NjWce9XRLGQEsW7wpKNCjG9DtNlClVuFLEZdDNbEs=
golang.org/x/text v0.3.0/go.mod h1:NqM8EUOU14njkJ3fqMW+pc6Ldnwhi/IjpwHt7yyuwOQ=
golang.org/x/text v0.3.3 h1:cokOdA+Jmi5PJGXLlLllQSgYigAEfHXJAERHVMaCc2k=
golang.org/x/text v0.3.3/go.mod h1:5Zoc/QRtKVWzQhOtBMvqHzDpF6irO9z98xDceosuGiQ=
golang.org/x/tools v0.0.0-20180917221912-90fa682c2a6e/go.mod h1:n7NCudcB/nEzxVGmLbDWY5pfWTLqBcC2KZ6jyYvM4mQ=
golang.org/x/xerrors v0.0.0-20191204190536-9bdfabe68543 h1:E7g+9GITq07hpfrRu66IVDexMakfv52eLZ2CXBWiKr4=
golang.org/x/xerrors v0.0.0-20191204190536-9bdfabe68543/go.mod h1:I/5z698sn9Ka8TeJc9MKroUUfqBBauWjQqLJ2OPfmY0=
gopkg.in/check.v1 v0.0.0-20161208181325-20d25e280405 h1:yhCVgyC4o1eVCa2tZl7eS0r+SDo693bJlVdllGtEeKM=
gopkg.in/check.v1 v0.0.0-20161208181325-20d25e280405/go.mod h1:Co6ibVJAznAaIkqp8huTwlJQCZ016jof/cbN4VW5Yz0=
gopkg.in/check.v1 v1.0.0-20190902080502-41f04d3bba15/go.mod h1:Co6ibVJAznAaIkqp8huTwlJQCZ016jof/cbN4VW5Yz0=
gopkg.in/fsnotify.v1 v1.4.7/go.mod h1:Tz8NjZHkW78fSQdbUxIjBTcgA1z1m8ZHf0WmKUhAMys=
gopkg.in/tomb.v1 v1.0.0-20141024135613-dd632973f1e7/go.mod h1:dt/ZhP58zS4L8KSrWDmTeBkI65Dw0HsyUHuEVlX15mw=
gopkg.in/yaml.v2 v2.2.1/go.mod h1:hI93XBmqTisBFMUTm0b8Fm+jr3Dg1NNxqwp+5A1VGuI=
gopkg.in/yaml.v2 v2.2.2 h1:ZCJp+EgiOT7lHqUV2J862kp8Qj64Jo6az82+3Td9dZw=
gopkg.in/yaml.v2 v2.2.2/go.mod h1:hI93XBmqTisBFMUTm0b8Fm+jr3Dg1NNxqwp+5A1VGuI=
gopkg.in/yaml.v3 v3.0.0-20200313102051-9f266ea9e77c/go.mod h1:K4uyk7z7BCEPqu6E+C64Yfv1cQ7kz7rIZviUmN+EgEM=
